#MicroXplorer Configuration settings - do not modify
CAN1.ABOM=ENABLE
CAN1.AWUM=ENABLE
CAN1.BS1=CAN_BS1_3TQ
CAN1.BS2=CAN_BS2_2TQ
CAN1.CalculateTimeQuantum=166.66666666666669
CAN1.IPParameters=CalculateTimeQuantum,BS1,BS2,Prescaler,ABOM,AWUM,NART
CAN1.NART=ENABLE
CAN1.Prescaler=7
CAN2.ABOM=ENABLE
CAN2.AWUM=ENABLE
CAN2.BS1=CAN_BS1_3TQ
CAN2.BS2=CAN_BS2_2TQ
CAN2.CalculateTimeQuantum=166.66666666666669
CAN2.IPParameters=CalculateTimeQuantum,BS1,BS2,Prescaler,ABOM,AWUM,NART
CAN2.NART=ENABLE
CAN2.Prescaler=7
Dma.Request0=USART1_RX
Dma.Request1=UART8_RX
Dma.Request2=USART3_RX
Dma.Request3=UART7_RX
Dma.RequestsNb=4
Dma.UART7_RX.3.Direction=DMA_PERIPH_TO_MEMORY
Dma.UART7_RX.3.FIFOMode=DMA_FIFOMODE_DISABLE
Dma.UART7_RX.3.Instance=DMA1_Stream3
Dma.UART7_RX.3.MemDataAlignment=DMA_MDATAALIGN_BYTE
Dma.UART7_RX.3.MemInc=DMA_MINC_ENABLE
Dma.UART7_RX.3.Mode=DMA_CIRCULAR
Dma.UART7_RX.3.PeriphDataAlignment=DMA_PDATAALIGN_BYTE
Dma.UART7_RX.3.PeriphInc=DMA_PINC_DISABLE
Dma.UART7_RX.3.Priority=DMA_PRIORITY_MEDIUM
Dma.UART7_RX.3.RequestParameters=Instance,Direction,PeriphInc,MemInc,PeriphDataAlignment,MemDataAlignment,Mode,Priority,FIFOMode
Dma.UART8_RX.1.Direction=DMA_PERIPH_TO_MEMORY
Dma.UART8_RX.1.FIFOMode=DMA_FIFOMODE_DISABLE
Dma.UART8_RX.1.Instance=DMA1_Stream6
Dma.UART8_RX.1.MemDataAlignment=DMA_MDATAALIGN_BYTE
Dma.UART8_RX.1.MemInc=DMA_MINC_ENABLE
Dma.UART8_RX.1.Mode=DMA_CIRCULAR
Dma.UART8_RX.1.PeriphDataAlignment=DMA_PDATAALIGN_BYTE
Dma.UART8_RX.1.PeriphInc=DMA_PINC_DISABLE
Dma.UART8_RX.1.Priority=DMA_PRIORITY_MEDIUM
Dma.UART8_RX.1.RequestParameters=Instance,Direction,PeriphInc,MemInc,PeriphDataAlignment,MemDataAlignment,Mode,Priority,FIFOMode
Dma.USART1_RX.0.Direction=DMA_PERIPH_TO_MEMORY
Dma.USART1_RX.0.FIFOMode=DMA_FIFOMODE_DISABLE
Dma.USART1_RX.0.Instance=DMA2_Stream2
Dma.USART1_RX.0.MemDataAlignment=DMA_MDATAALIGN_BYTE
Dma.USART1_RX.0.MemInc=DMA_MINC_ENABLE
Dma.USART1_RX.0.Mode=DMA_CIRCULAR
Dma.USART1_RX.0.PeriphDataAlignment=DMA_PDATAALIGN_BYTE
Dma.USART1_RX.0.PeriphInc=DMA_PINC_DISABLE
Dma.USART1_RX.0.Priority=DMA_PRIORITY_MEDIUM
Dma.USART1_RX.0.RequestParameters=Instance,Direction,PeriphInc,MemInc,PeriphDataAlignment,MemDataAlignment,Mode,Priority,FIFOMode
Dma.USART3_RX.2.Direction=DMA_PERIPH_TO_MEMORY
Dma.USART3_RX.2.FIFOMode=DMA_FIFOMODE_DISABLE
Dma.USART3_RX.2.Instance=DMA1_Stream1
Dma.USART3_RX.2.MemDataAlignment=DMA_MDATAALIGN_BYTE
Dma.USART3_RX.2.MemInc=DMA_MINC_ENABLE
Dma.USART3_RX.2.Mode=DMA_CIRCULAR
Dma.USART3_RX.2.PeriphDataAlignment=DMA_PDATAALIGN_BYTE
Dma.USART3_RX.2.PeriphInc=DMA_PINC_DISABLE
Dma.USART3_RX.2.Priority=DMA_PRIORITY_LOW
Dma.USART3_RX.2.RequestParameters=Instance,Direction,PeriphInc,MemInc,PeriphDataAlignment,MemDataAlignment,Mode,Priority,FIFOMode
FREERTOS.FootprintOK=true
FREERTOS.INCLUDE_vTaskDelayUntil=1
FREERTOS.IPParameters=Tasks01,configUSE_COUNTING_SEMAPHORES,configGENERATE_RUN_TIME_STATS,configUSE_STATS_FORMATTING_FUNCTIONS,INCLUDE_vTaskDelayUntil,FootprintOK,configMAX_TASK_NAME_LEN
FREERTOS.Tasks01=Task_Robot_Init,0,128,Robot_Init,Default,NULL,Dynamic,NULL,NULL;Task_Can1_Receive,2,256,Can1_Receive,Default,NULL,Dynamic,NULL,NULL;Task_Can2_Reivece,2,256,Can2_Reivece,Default,NULL,Dynamic,NULL,NULL;Task_Show_Debug,-1,128,Show_Debug,Default,NULL,Dynamic,NULL,NULL;Task_Data_Updata,2,256,Data_Updata,Default,NULL,Dynamic,NULL,NULL;Task_Vision_SendD,0,128,Vision_SendD,Default,NULL,Dynamic,NULL,NULL;Robot_Detec_Task,1,128,Robot_Detec,Default,NULL,Dynamic,NULL,NULL
FREERTOS.configGENERATE_RUN_TIME_STATS=0
FREERTOS.configMAX_TASK_NAME_LEN=18
FREERTOS.configUSE_COUNTING_SEMAPHORES=0
FREERTOS.configUSE_STATS_FORMATTING_FUNCTIONS=0
File.Version=6
GPIO.groupedBy=Group By Peripherals
KeepUserPlacement=false
Mcu.Family=STM32F4
Mcu.IP0=CAN1
Mcu.IP1=CAN2
Mcu.IP10=UART8
Mcu.IP11=USART1
Mcu.IP12=USART3
Mcu.IP13=USART6
Mcu.IP2=DMA
Mcu.IP3=FREERTOS
Mcu.IP4=NVIC
Mcu.IP5=RCC
Mcu.IP6=RNG
Mcu.IP7=SYS
Mcu.IP8=TIM5
Mcu.IP9=UART7
Mcu.IPNb=14
Mcu.Name=STM32F427I(G-I)Hx
Mcu.Package=UFBGA176
Mcu.Pin0=PE1
Mcu.Pin1=PE0
Mcu.Pin10=PA9
Mcu.Pin11=PA8
Mcu.Pin12=PH0/OSC_IN
Mcu.Pin13=PC7
Mcu.Pin14=PH1/OSC_OUT
Mcu.Pin15=PC6
Mcu.Pin16=PA1
Mcu.Pin17=PA0/WKUP
Mcu.Pin18=PA2
Mcu.Pin19=PE8
Mcu.Pin2=PA14
Mcu.Pin20=PB12
Mcu.Pin21=PB13
Mcu.Pin22=PD9
Mcu.Pin23=PD8
Mcu.Pin24=PA3
Mcu.Pin25=PE7
Mcu.Pin26=VP_FREERTOS_VS_CMSIS_V1
Mcu.Pin27=VP_RNG_VS_RNG
Mcu.Pin28=VP_SYS_VS_tim6
Mcu.Pin3=PA13
Mcu.Pin4=PB7
Mcu.Pin5=PB6
Mcu.Pin6=PD0
Mcu.Pin7=PD1
Mcu.Pin8=PA11
Mcu.Pin9=PA10
Mcu.PinsNb=29
Mcu.ThirdPartyNb=0
Mcu.UserConstants=
Mcu.UserName=STM32F427IIHx
MxCube.Version=6.0.1
MxDb.Version=DB.6.0.0
NVIC.BusFault_IRQn=true\:0\:0\:false\:false\:true\:false\:false\:false
NVIC.CAN1_RX0_IRQn=true\:6\:0\:true\:false\:true\:true\:true\:true
NVIC.CAN2_RX0_IRQn=true\:6\:0\:true\:false\:true\:true\:true\:true
NVIC.DebugMonitor_IRQn=true\:0\:0\:false\:false\:true\:false\:false\:false
NVIC.ForceEnableDMAVector=false
NVIC.HardFault_IRQn=true\:0\:0\:false\:false\:true\:false\:false\:false
NVIC.MemoryManagement_IRQn=true\:0\:0\:false\:false\:true\:false\:false\:false
NVIC.NonMaskableInt_IRQn=true\:0\:0\:false\:false\:true\:false\:false\:false
NVIC.PendSV_IRQn=true\:0\:0\:false\:false\:false\:false\:false\:false
NVIC.PriorityGroup=NVIC_PRIORITYGROUP_4
NVIC.SVCall_IRQn=true\:0\:0\:false\:false\:false\:false\:false\:false
NVIC.SavedPendsvIrqHandlerGenerated=true
NVIC.SavedSvcallIrqHandlerGenerated=true
NVIC.SavedSystickIrqHandlerGenerated=true
NVIC.SysTick_IRQn=true\:0\:0\:false\:false\:false\:false\:false\:false
NVIC.TIM6_DAC_IRQn=true\:0\:0\:false\:false\:true\:false\:true\:true
NVIC.TimeBase=TIM6_DAC_IRQn
NVIC.TimeBaseIP=TIM6
NVIC.UART7_IRQn=true\:7\:0\:true\:false\:true\:true\:true\:true
NVIC.UART8_IRQn=true\:7\:0\:true\:false\:true\:true\:true\:true
NVIC.USART1_IRQn=true\:7\:0\:true\:false\:true\:true\:true\:true
NVIC.USART3_IRQn=true\:7\:0\:true\:false\:true\:true\:true\:true
NVIC.UsageFault_IRQn=true\:0\:0\:false\:false\:true\:false\:false\:false
PA0/WKUP.GPIOParameters=GPIO_Speed,GPIO_PuPd,GPIO_Label
PA0/WKUP.GPIO_Label=Encoder_A
PA0/WKUP.GPIO_PuPd=GPIO_PULLUP
PA0/WKUP.GPIO_Speed=GPIO_SPEED_FREQ_HIGH
PA0/WKUP.Locked=true
PA0/WKUP.Signal=S_TIM5_CH1
PA1.GPIOParameters=GPIO_Speed,GPIO_PuPd,GPIO_Label
PA1.GPIO_Label=Encoder_B
PA1.GPIO_PuPd=GPIO_PULLUP
PA1.GPIO_Speed=GPIO_SPEED_FREQ_HIGH
PA1.Locked=true
PA1.Signal=S_TIM5_CH2
PA10.GPIOParameters=GPIO_PuPd,GPIO_Label
PA10.GPIO_Label=Limit_switch_1
PA10.GPIO_PuPd=GPIO_PULLUP
PA10.Locked=true
PA10.Signal=GPIO_Input
PA11.GPIOParameters=GPIO_PuPd,GPIO_Label
PA11.GPIO_Label=Limit_switch_2
PA11.GPIO_PuPd=GPIO_PULLUP
PA11.Locked=true
PA11.Signal=GPIO_Input
PA13.Mode=Serial_Wire
PA13.Signal=SYS_JTMS-SWDIO
PA14.Mode=Serial_Wire
PA14.Signal=SYS_JTCK-SWCLK
PA2.GPIOParameters=GPIO_PuPd,GPIO_Label
PA2.GPIO_Label=Limit_switch_3
PA2.GPIO_PuPd=GPIO_PULLUP
PA2.Locked=true
PA2.Signal=GPIO_Input
PA3.GPIOParameters=GPIO_PuPd,GPIO_Label
PA3.GPIO_Label=Limit_switch_4
PA3.GPIO_PuPd=GPIO_PULLUP
PA3.Locked=true
PA3.Signal=GPIO_Input
PA8.GPIOParameters=GPIO_PuPd,GPIO_Label
PA8.GPIO_Label=PEswitch_1
PA8.GPIO_PuPd=GPIO_PULLUP
PA8.Locked=true
PA8.Signal=GPIO_Input
PA9.GPIOParameters=GPIO_PuPd,GPIO_Label
PA9.GPIO_Label=PEswitch_2
PA9.GPIO_PuPd=GPIO_PULLUP
PA9.Locked=true
PA9.Signal=GPIO_Input
PB12.GPIOParameters=GPIO_Label
PB12.GPIO_Label=CAN2_RX
PB12.Locked=true
PB12.Mode=Slave
PB12.Signal=CAN2_RX
PB13.GPIOParameters=GPIO_Label
PB13.GPIO_Label=CAN2_TX
PB13.Locked=true
PB13.Mode=Slave
PB13.Signal=CAN2_TX
PB6.GPIOParameters=GPIO_Label
PB6.GPIO_Label=DR16_TX
PB6.Mode=Asynchronous
PB6.Signal=USART1_TX
PB7.GPIOParameters=GPIO_Label
PB7.GPIO_Label=DR16_RX
PB7.Mode=Asynchronous
PB7.Signal=USART1_RX
PC6.GPIOParameters=GPIO_Label
PC6.GPIO_Label=Debug_TX
PC6.Locked=true
PC6.Mode=Asynchronous
PC6.Signal=USART6_TX
PC7.GPIOParameters=GPIO_Label
PC7.GPIO_Label=Debug_RX
PC7.Locked=true
PC7.Mode=Asynchronous
PC7.Signal=USART6_RX
PD0.GPIOParameters=GPIO_Label
PD0.GPIO_Label=CAN1_RX
PD0.Locked=true
PD0.Mode=Master
PD0.Signal=CAN1_RX
PD1.GPIOParameters=GPIO_Label
PD1.GPIO_Label=CAN1_TX
PD1.Locked=true
PD1.Mode=Master
PD1.Signal=CAN1_TX
PD8.GPIOParameters=GPIO_Label
PD8.GPIO_Label=Judge_TX
PD8.Locked=true
PD8.Mode=Asynchronous
PD8.Signal=USART3_TX
PD9.GPIOParameters=GPIO_Label
PD9.GPIO_Label=Judge_RX
PD9.Locked=true
PD9.Mode=Asynchronous
PD9.Signal=USART3_RX
PE0.GPIOParameters=GPIO_Label
PE0.GPIO_Label=Vision_RX
PE0.Mode=Asynchronous
PE0.Signal=UART8_RX
PE1.GPIOParameters=GPIO_Label
PE1.GPIO_Label=Vision_TX
PE1.Mode=Asynchronous
PE1.Signal=UART8_TX
PE7.GPIOParameters=GPIO_Label
PE7.GPIO_Label=Sensor_rx
PE7.Locked=true
PE7.Mode=Asynchronous
PE7.Signal=UART7_RX
PE8.GPIOParameters=GPIO_Label
PE8.GPIO_Label=Sensor_tx
PE8.Locked=true
PE8.Mode=Asynchronous
PE8.Signal=UART7_TX
PH0/OSC_IN.Mode=HSE-External-Oscillator
PH0/OSC_IN.Signal=RCC_OSC_IN
PH1/OSC_OUT.Mode=HSE-External-Oscillator
PH1/OSC_OUT.Signal=RCC_OSC_OUT
PinOutPanel.CurrentBGAView=Top
PinOutPanel.RotationAngle=0
ProjectManager.AskForMigrate=true
ProjectManager.BackupPrevious=false
ProjectManager.CompilerOptimize=6
ProjectManager.ComputerToolchain=false
ProjectManager.CoupleFile=true
ProjectManager.CustomerFirmwarePackage=
ProjectManager.DefaultFWLocation=true
ProjectManager.DeletePrevious=true
ProjectManager.DeviceId=STM32F427IIHx
ProjectManager.FirmwarePackage=STM32Cube FW_F4 V1.25.2
ProjectManager.FreePins=false
ProjectManager.HalAssertFull=false
ProjectManager.HeapSize=0x200
ProjectManager.KeepUserCode=true
ProjectManager.LastFirmware=true
ProjectManager.LibraryCopy=0
ProjectManager.MainLocation=Src
ProjectManager.NoMain=false
ProjectManager.PreviousToolchain=
ProjectManager.ProjectBuild=false
ProjectManager.ProjectFileName=RM_Sentry.ioc
ProjectManager.ProjectName=RM_Sentry
ProjectManager.RegisterCallBack=
ProjectManager.StackSize=0x400
ProjectManager.TargetToolchain=MDK-ARM V5.27
ProjectManager.ToolChainLocation=
ProjectManager.UnderRoot=false
ProjectManager.functionlistsort=1-MX_GPIO_Init-GPIO-false-HAL-true,2-MX_DMA_Init-DMA-false-HAL-true,3-SystemClock_Config-RCC-false-HAL-false,4-MX_CAN1_Init-CAN1-false-HAL-true,5-MX_CAN2_Init-CAN2-false-HAL-true,6-MX_USART1_UART_Init-USART1-false-HAL-true,7-MX_UART8_Init-UART8-false-HAL-true,8-MX_USART6_UART_Init-USART6-false-HAL-true,9-MX_USART3_UART_Init-USART3-false-HAL-true,10-MX_TIM5_Init-TIM5-false-HAL-true,11-MX_RNG_Init-RNG-false-HAL-true,12-MX_UART7_Init-UART7-false-HAL-true
RCC.48MHZClocksFreq_Value=48000000
RCC.AHBFreq_Value=168000000
RCC.APB1CLKDivider=RCC_HCLK_DIV4
RCC.APB1Freq_Value=42000000
RCC.APB1TimFreq_Value=84000000
RCC.APB2CLKDivider=RCC_HCLK_DIV2
RCC.APB2Freq_Value=84000000
RCC.APB2TimFreq_Value=168000000
RCC.CortexFreq_Value=168000000
RCC.EthernetFreq_Value=168000000
RCC.FCLKCortexFreq_Value=168000000
RCC.FamilyName=M
RCC.HCLKFreq_Value=168000000
RCC.HSE_VALUE=12000000
RCC.HSI_VALUE=16000000
RCC.I2SClocksFreq_Value=192000000
RCC.IPParameters=48MHZClocksFreq_Value,AHBFreq_Value,APB1CLKDivider,APB1Freq_Value,APB1TimFreq_Value,APB2CLKDivider,APB2Freq_Value,APB2TimFreq_Value,CortexFreq_Value,EthernetFreq_Value,FCLKCortexFreq_Value,FamilyName,HCLKFreq_Value,HSE_VALUE,HSI_VALUE,I2SClocksFreq_Value,LSE_VALUE,LSI_VALUE,MCO2PinFreq_Value,PLLCLKFreq_Value,PLLM,PLLN,PLLQ,PLLQCLKFreq_Value,PLLSourceVirtual,RTCFreq_Value,RTCHSEDivFreq_Value,SAI_AClocksFreq_Value,SAI_BClocksFreq_Value,SYSCLKFreq_VALUE,SYSCLKSource,VCOI2SOutputFreq_Value,VCOInputFreq_Value,VCOOutputFreq_Value,VCOSAIOutputFreq_Value,VCOSAIOutputFreq_ValueQ,VcooutputI2S,VcooutputI2SQ
RCC.LSE_VALUE=32768
RCC.LSI_VALUE=32000
RCC.MCO2PinFreq_Value=168000000
RCC.PLLCLKFreq_Value=168000000
RCC.PLLM=6
RCC.PLLN=168
RCC.PLLQ=7
RCC.PLLQCLKFreq_Value=48000000
RCC.PLLSourceVirtual=RCC_PLLSOURCE_HSE
RCC.RTCFreq_Value=32000
RCC.RTCHSEDivFreq_Value=6000000
RCC.SAI_AClocksFreq_Value=24500000
RCC.SAI_BClocksFreq_Value=24500000
RCC.SYSCLKFreq_VALUE=168000000
RCC.SYSCLKSource=RCC_SYSCLKSOURCE_PLLCLK
RCC.VCOI2SOutputFreq_Value=384000000
RCC.VCOInputFreq_Value=2000000
RCC.VCOOutputFreq_Value=336000000
RCC.VCOSAIOutputFreq_Value=98000000
RCC.VCOSAIOutputFreq_ValueQ=24500000
RCC.VcooutputI2S=192000000
RCC.VcooutputI2SQ=192000000
SH.S_TIM5_CH1.0=TIM5_CH1,Encoder_Interface
SH.S_TIM5_CH1.ConfNb=1
SH.S_TIM5_CH2.0=TIM5_CH2,Encoder_Interface
SH.S_TIM5_CH2.ConfNb=1
TIM5.EncoderMode=TIM_ENCODERMODE_TI12
TIM5.IPParameters=Period,EncoderMode
TIM5.Period=3999
UART7.IPParameters=VirtualMode
UART7.VirtualMode=Asynchronous
UART8.BaudRate=115200
UART8.IPParameters=VirtualMode,BaudRate
UART8.VirtualMode=Asynchronous
USART1.BaudRate=100000
USART1.IPParameters=VirtualMode,BaudRate
USART1.VirtualMode=VM_ASYNC
USART3.IPParameters=VirtualMode
USART3.VirtualMode=VM_ASYNC
USART6.IPParameters=VirtualMode
USART6.VirtualMode=VM_ASYNC
VP_FREERTOS_VS_CMSIS_V1.Mode=CMSIS_V1
VP_FREERTOS_VS_CMSIS_V1.Signal=FREERTOS_VS_CMSIS_V1
VP_RNG_VS_RNG.Mode=RNG_Activate
VP_RNG_VS_RNG.Signal=RNG_VS_RNG
VP_SYS_VS_tim6.Mode=TIM6
VP_SYS_VS_tim6.Signal=SYS_VS_tim6
board=custom
